
Microsoft Visual Studio Solution File, Format Version 12.00
# Visual Studio 15
VisualStudioVersion = 15.0.27130.2027
MinimumVisualStudioVersion = 10.0.40219.1
Project("{FAE04EC0-301F-11D3-BF4B-00C04F79EFBC}") = "KoalaLagoon", "KoalaLagoon\KoalaLagoon.csproj", "{8FD9643D-23F5-4C65-AC8D-3A3BB10A8460}"
EndProject
Global
	GlobalSection(SolutionConfigurationPlatforms) = preSolution
		Debug|Any CPU = Debug|Any CPU
		Release|Any CPU = Release|Any CPU
	EndGlobalSection
	GlobalSection(ProjectConfigurationPlatforms) = postSolution
		{8FD9643D-23F5-4C65-AC8D-3A3BB10A8460}.Debug|Any CPU.ActiveCfg = Debug|Any CPU
		{8FD9643D-23F5-4C65-AC8D-3A3BB10A8460}.Debug|Any CPU.Build.0 = Debug|Any CPU
		{8FD9643D-23F5-4C65-AC8D-3A3BB10A8460}.Release|Any CPU.ActiveCfg = Release|Any CPU
		{8FD9643D-23F5-4C65-AC8D-3A3BB10A8460}.Release|Any CPU.Build.0 = Release|Any CPU
	EndGlobalSection
	GlobalSection(SolutionProperties) = preSolution
		HideSolutionNode = FALSE
	EndGlobalSection
	GlobalSection(ExtensibilityGlobals) = postSolution
		SolutionGuid = {CD4D14FD-3B8B-4C2A-A1A6-66FFCDBAB828}
	EndGlobalSection
EndGlobal
